{
  "nodes": {
    "flake-compat": {
      "flake": false,
      "locked": {
        "lastModified": 1767039857,
        "narHash": "sha256-vNpUSpF5Nuw8xvDLj2KCwwksIbjua2LZCqhV1LNRDns=",
        "owner": "NixOS",
        "repo": "flake-compat",
        "rev": "5edf11c44bc78a0d334f6334cdaf7d60d732daab",
        "type": "github"
      },
      "original": {
        "owner": "NixOS",
        "repo": "flake-compat",
        "type": "github"
      }
    },
    "nixpkgs": {
      "locked": {
        "lastModified": 1788400875,
        "narHash": "sha256-JIHQ6xNAN53cdo6zZ72LRcQ9lpvnABCnNE4hldJ5uZU=",
        "owner": "NixOS",
        "repo": "nixpkgs",
        "rev": "5545adfad2e98de106a5544ca7067e03010410bd",
        "type": "github"
      },
      "original": {
        "owner": "NixOS",
        "ref": "nixpkgs-unstable",
        "repo": "nixpkgs",
        "type": "github"
      }
    },
    "pre-commit-hooks": {
      "inputs": {
        "flake-compat": "flake-compat",
        "nixpkgs": [
          "nixpkgs"
        ]
      },
      "locked": {
        "lastModified": 1787424939,
        "narHash": "sha256-O2tBn84NNuHrnqNVxx/XqsXwfYvS1YwBh+7CBnbCYsk=",
        "owner": "cachix",
        "repo": "pre-commit-hooks.nix",
        "rev": "809414f0cdadf82cf11b06c2b29ba9b3168b3297",
        "type": "github"
      },
      "original": {
        "owner": "cachix",
        "repo": "pre-commit-hooks.nix",
        "type": "github"
      }
    },
    "root": {
      "inputs": {
        "nixpkgs": "nixpkgs",
        "pre-commit-hooks": "pre-commit-hooks",
        "tpm-keyring-unlock": "tpm-keyring-unlock"
      }
    },
    "tpm-keyring-unlock": {
      "flake": false,
      "locked": {
        "lastModified": 1787050439,
        "narHash": "sha256-US2zRK340a2NE3hvkfPTdIHXzdcMDytGmv+KFgGKeOM=",
        "owner": "dmitriitimoshenko",
        "repo": "tpm-keyring-unlock",
        "rev": "485c9f57c705f4d4714f8a085a09514051389204",
        "type": "github"
      },
      "original": {
        "owner": "dmitriitimoshenko",
        "repo": "tpm-keyring-unlock",
        "type": "github"
      }
    }
  },
  "root": "root",
  "version": 7
}
